// !$*UTF8*$!
{
	archiveVersion = 1;
	classes = {
	};
	objectVersion = 77;
	objects = {

/* Begin PBXContainerItemProxy section */
		2237603D2E4847F10096115B /* PBXContainerItemProxy */ = {
			isa = PBXContainerItemProxy;
			containerPortal = 223760272E4847F00096115B /* Project object */;
			proxyType = 1;
			remoteGlobalIDString = 2237602E2E4847F00096115B;
			remoteInfo = "first-ios-ai-app";
		};
		223760472E4847F10096115B /* PBXContainerItemProxy */ = {
			isa = PBXContainerItemProxy;
			containerPortal = 223760272E4847F00096115B /* Project object */;
			proxyType = 1;
			remoteGlobalIDString = 2237602E2E4847F00096115B;
			remoteInfo = "first-ios-ai-app";
		};
/* End PBXContainerItemProxy section */

/* Begin PBXFileReference section */
		2237602F2E4847F00096115B /* first-ios-ai-app.app */ = {isa = PBXFileReference; explicitFileType = wrapper.application; includeInIndex = 0; path = "first-ios-ai-app.app"; sourceTree = BUILT_PRODUCTS_DIR; };
		2237603C2E4847F10096115B /* first-ios-ai-appTests.xctest */ = {isa = PBXFileReference; explicitFileType = wrapper.cfbundle; includeInIndex = 0; path = "first-ios-ai-appTests.xctest"; sourceTree = BUILT_PRODUCTS_DIR; };
		223760462E4847F10096115B /* first-ios-ai-appUITests.xctest */ = {isa = PBXFileReference; explicitFileType = wrapper.cfbundle; includeInIndex = 0; path = "first-ios-ai-appUITests.xctest"; sourceTree = BUILT_PRODUCTS_DIR; };
		223760592E4847F20096115B /* CLAUDE.md */ = {isa = PBXFileReference; lastKnownFileType = net.daringfireball.markdown; path = CLAUDE.md; sourceTree = "<group>"; };
		2237605A2E4847F20096115B /* GlassmorphicModifier.swift */ = {isa = PBXFileReference; lastKnownFileType = sourcecode.swift; path = GlassmorphicModifier.swift; sourceTree = "<group>"; };
		2237605B2E4847F20096115B /* GroceryItem.swift */ = {isa = PBXFileReference; lastKnownFileType = sourcecode.swift; path = GroceryItem.swift; sourceTree = "<group>"; };
		2237605C2E4847F20096115B /* RecordingState.swift */ = {isa = PBXFileReference; lastKnownFileType = sourcecode.swift; path = RecordingState.swift; sourceTree = "<group>"; };
		2237605D2E4847F20096115B /* GroceryListViewModel.swift */ = {isa = PBXFileReference; lastKnownFileType = sourcecode.swift; path = GroceryListViewModel.swift; sourceTree = "<group>"; };
		2237605E2E4847F20096115B /* VoiceRecordingButton.swift */ = {isa = PBXFileReference; lastKnownFileType = sourcecode.swift; path = VoiceRecordingButton.swift; sourceTree = "<group>"; };
		2237605F2E4847F20096115B /* GroceryListItem.swift */ = {isa = PBXFileReference; lastKnownFileType = sourcecode.swift; path = GroceryListItem.swift; sourceTree = "<group>"; };
		223760602E4847F20096115B /* ProgressBar.swift */ = {isa = PBXFileReference; lastKnownFileType = sourcecode.swift; path = ProgressBar.swift; sourceTree = "<group>"; };
		223760612E4847F20096115B /* GlassmorphicBackground.swift */ = {isa = PBXFileReference; lastKnownFileType = sourcecode.swift; path = GlassmorphicBackground.swift; sourceTree = "<group>"; };
		223760622E4847F20096115B /* README.md */ = {isa = PBXFileReference; lastKnownFileType = net.daringfireball.markdown; path = README.md; sourceTree = "<group>"; };
		223760632E4847F20096115B /* assets */ = {isa = PBXFileReference; lastKnownFileType = folder; path = assets; sourceTree = "<group>"; };
/* End PBXFileReference section */

/* Begin PBXFileSystemSynchronizedRootGroup section */
		223760312E4847F00096115B /* first-ios-ai-app */ = {
			isa = PBXFileSystemSynchronizedRootGroup;
			path = "first-ios-ai-app";
			sourceTree = "<group>";
		};
		2237603F2E4847F10096115B /* first-ios-ai-appTests */ = {
			isa = PBXFileSystemSynchronizedRootGroup;
			path = "first-ios-ai-appTests";
			sourceTree = "<group>";
		};
		223760492E4847F10096115B /* first-ios-ai-appUITests */ = {
			isa = PBXFileSystemSynchronizedRootGroup;
			path = "first-ios-ai-appUITests";
			sourceTree = "<group>";
		};
/* End PBXFileSystemSynchronizedRootGroup section */

/* Begin PBXFrameworksBuildPhase section */
		2237602C2E4847F00096115B /* Frameworks */ = {
			isa = PBXFrameworksBuildPhase;
			buildActionMask = 2147483647;
			files = (
			);
			runOnlyForDeploymentPostprocessing = 0;
		};
		223760392E4847F10096115B /* Frameworks */ = {
			isa = PBXFrameworksBuildPhase;
			buildActionMask = 2147483647;
			files = (
			);
			runOnlyForDeploymentPostprocessing = 0;
		};
		223760432E4847F10096115B /* Frameworks */ = {
			isa = PBXFrameworksBuildPhase;
			buildActionMask = 2147483647;
			files = (
			);
			runOnlyForDeploymentPostprocessing = 0;
		};
/* End PBXFrameworksBuildPhase section */

/* Begin PBXGroup section */
		223760262E4847F00096115B = {
			isa = PBXGroup;
			children = (
				223760622E4847F20096115B /* README.md */,
				223760592E4847F20096115B /* CLAUDE.md */,
				223760632E4847F20096115B /* assets */,
				223760312E4847F00096115B /* first-ios-ai-app */,
				2237603F2E4847F10096115B /* first-ios-ai-appTests */,
				223760492E4847F10096115B /* first-ios-ai-appUITests */,
				223760302E4847F00096115B /* Products */,
			);
			sourceTree = "<group>";
		};
		223760302E4847F00096115B /* Products */ = {
			isa = PBXGroup;
			children = (
				2237602F2E4847F00096115B /* first-ios-ai-app.app */,
				2237603C2E4847F10096115B /* first-ios-ai-appTests.xctest */,
				223760462E4847F10096115B /* first-ios-ai-appUITests.xctest */,
			);
			name = Products;
			sourceTree = "<group>";
		};
/* End PBXGroup section */

/* Begin PBXNativeTarget section */
		2237602E2E4847F00096115B /* first-ios-ai-app */ = {
			isa = PBXNativeTarget;
			buildConfigurationList = 223760502E4847F10096115B /* Build configuration list for PBXNativeTarget "first-ios-ai-app" */;
			buildPhases = (
				2237602B2E4847F00096115B /* Sources */,
				2237602C2E4847F00096115B /* Frameworks */,
				2237602D2E4847F00096115B /* Resources */,
			);
			buildRules = (
			);
			dependencies = (
			);
			fileSystemSynchronizedGroups = (
				223760312E4847F00096115B /* first-ios-ai-app */,
			);
			name = "first-ios-ai-app";
			packageProductDependencies = (
			);
			productName = "first-ios-ai-app";
			productReference = 2237602F2E4847F00096115B /* first-ios-ai-app.app */;
			productType = "com.apple.product-type.application";
		};
		2237603B2E4847F10096115B /* first-ios-ai-appTests */ = {
			isa = PBXNativeTarget;
			buildConfigurationList = 223760532E4847F10096115B /* Build configuration list for PBXNativeTarget "first-ios-ai-appTests" */;
			buildPhases = (
				223760382E4847F10096115B /* Sources */,
				223760392E4847F10096115B /* Frameworks */,
				2237603A2E4847F10096115B /* Resources */,
			);
			buildRules = (
			);
			dependencies = (
				2237603E2E4847F10096115B /* PBXTargetDependency */,
			);
			fileSystemSynchronizedGroups = (
				2237603F2E4847F10096115B /* first-ios-ai-appTests */,
			);
			name = "first-ios-ai-appTests";
			packageProductDependencies = (
			);
			productName = "first-ios-ai-appTests";
			productReference = 2237603C2E4847F10096115B /* first-ios-ai-appTests.xctest */;
			productType = "com.apple.product-type.bundle.unit-test";
		};
		223760452E4847F10096115B /* first-ios-ai-appUITests */ = {
			isa = PBXNativeTarget;
			buildConfigurationList = 223760562E4847F10096115B /* Build configuration list for PBXNativeTarget "first-ios-ai-appUITests" */;
			buildPhases = (
				223760422E4847F10096115B /* Sources */,
				223760432E4847F10096115B /* Frameworks */,
				223760442E4847F10096115B /* Resources */,
			);
			buildRules = (
			);
			dependencies = (
				223760482E4847F10096115B /* PBXTargetDependency */,
			);
			fileSystemSynchronizedGroups = (
				223760492E4847F10096115B /* first-ios-ai-appUITests */,
			);
			name = "first-ios-ai-appUITests";
			packageProductDependencies = (
			);
			productName = "first-ios-ai-appUITests";
			productReference = 223760462E4847F10096115B /* first-ios-ai-appUITests.xctest */;
			productType = "com.apple.product-type.bundle.ui-testing";
		};
/* End PBXNativeTarget section */

/* Begin PBXProject section */
		223760272E4847F00096115B /* Project object */ = {
			isa = PBXProject;
			attributes = {
				BuildIndependentTargetsInParallel = 1;
				LastSwiftUpdateCheck = 1640;
				LastUpgradeCheck = 1640;
				TargetAttributes = {
					2237602E2E4847F00096115B = {
						CreatedOnToolsVersion = 16.4;
					};
					2237603B2E4847F10096115B = {
						CreatedOnToolsVersion = 16.4;
						TestTargetID = 2237602E2E4847F00096115B;
					};
					223760452E4847F10096115B = {
						CreatedOnToolsVersion = 16.4;
						TestTargetID = 2237602E2E4847F00096115B;
					};
				};
			};
			buildConfigurationList = 2237602A2E4847F00096115B /* Build configuration list for PBXProject "first-ios-ai-app" */;
			developmentRegion = en;
			hasScannedForEncodings = 0;
			knownRegions = (
				en,
				Base,
			);
			mainGroup = 223760262E4847F00096115B;
			minimizedProjectReferenceProxies = 1;
			preferredProjectObjectVersion = 77;
			productRefGroup = 223760302E4847F00096115B /* Products */;
			projectDirPath = "";
			projectRoot = "";
			targets = (
				2237602E2E4847F00096115B /* first-ios-ai-app */,
				2237603B2E4847F10096115B /* first-ios-ai-appTests */,
				223760452E4847F10096115B /* first-ios-ai-appUITests */,
			);
		};
/* End PBXProject section */

/* Begin PBXResourcesBuildPhase section */
		2237602D2E4847F00096115B /* Resources */ = {
			isa = PBXResourcesBuildPhase;
			buildActionMask = 2147483647;
			files = (
			);
			runOnlyForDeploymentPostprocessing = 0;
		};
		2237603A2E4847F10096115B /* Resources */ = {
			isa = PBXResourcesBuildPhase;
			buildActionMask = 2147483647;
			files = (
			);
			runOnlyForDeploymentPostprocessing = 0;
		};
		223760442E4847F10096115B /* Resources */ = {
			isa = PBXResourcesBuildPhase;
			buildActionMask = 2147483647;
			files = (
			);
			runOnlyForDeploymentPostprocessing = 0;
		};
/* End PBXResourcesBuildPhase section */

/* Begin PBXSourcesBuildPhase section */
		2237602B2E4847F00096115B /* Sources */ = {
			isa = PBXSourcesBuildPhase;
			buildActionMask = 2147483647;
			files = (
			);
			runOnlyForDeploymentPostprocessing = 0;
		};
		223760382E4847F10096115B /* Sources */ = {
			isa = PBXSourcesBuildPhase;
			buildActionMask = 2147483647;
			files = (
			);
			runOnlyForDeploymentPostprocessing = 0;
		};
		223760422E4847F10096115B /* Sources */ = {
			isa = PBXSourcesBuildPhase;
			buildActionMask = 2147483647;
			files = (
			);
			runOnlyForDeploymentPostprocessing = 0;
		};
/* End PBXSourcesBuildPhase section */

/* Begin PBXTargetDependency section */
		2237603E2E4847F10096115B /* PBXTargetDependency */ = {
			isa = PBXTargetDependency;
			target = 2237602E2E4847F00096115B /* first-ios-ai-app */;
			targetProxy = 2237603D2E4847F10096115B /* PBXContainerItemProxy */;
		};
		223760482E4847F10096115B /* PBXTargetDependency */ = {
			isa = PBXTargetDependency;
			target = 2237602E2E4847F00096115B /* first-ios-ai-app */;
			targetProxy = 223760472E4847F10096115B /* PBXContainerItemProxy */;
		};
/* End PBXTargetDependency section */

/* Begin XCBuildConfiguration section */
		2237604E2E4847F10096115B /* Debug */ = {
			isa = XCBuildConfiguration;
			buildSettings = {
				ALWAYS_SEARCH_USER_PATHS = NO;
				ASSETCATALOG_COMPILER_GENERATE_SWIFT_ASSET_SYMBOL_EXTENSIONS = YES;
				CLANG_ANALYZER_NONNULL = YES;
				CLANG_ANALYZER_NUMBER_OBJECT_CONVERSION = YES_AGGRESSIVE;
				CLANG_CXX_LANGUAGE_STANDARD = "gnu++20";
				CLANG_ENABLE_MODULES = YES;
				CLANG_ENABLE_OBJC_ARC = YES;
				CLANG_ENABLE_OBJC_WEAK = YES;
				CLANG_WARN_BLOCK_CAPTURE_AUTORELEASING = YES;
				CLANG_WARN_BOOL_CONVERSION = YES;
				CLANG_WARN_COMMA = YES;
				CLANG_WARN_CONSTANT_CONVERSION = YES;
				CLANG_WARN_DEPRECATED_OBJC_IMPLEMENTATIONS = YES;
				CLANG_WARN_DIRECT_OBJC_ISA_USAGE = YES_ERROR;
				CLANG_WARN_DOCUMENTATION_COMMENTS = YES;
				CLANG_WARN_EMPTY_BODY = YES;
				CLANG_WARN_ENUM_CONVERSION = YES;
				CLANG_WARN_INFINITE_RECURSION = YES;
				CLANG_WARN_INT_CONVERSION = YES;
				CLANG_WARN_NON_LITERAL_NULL_CONVERSION = YES;
				CLANG_WARN_OBJC_IMPLICIT_RETAIN_SELF = YES;
				CLANG_WARN_OBJC_LITERAL_CONVERSION = YES;
				CLANG_WARN_OBJC_ROOT_CLASS = YES_ERROR;
				CLANG_WARN_QUOTED_INCLUDE_IN_FRAMEWORK_HEADER = YES;
				CLANG_WARN_RANGE_LOOP_ANALYSIS = YES;
				CLANG_WARN_STRICT_PROTOTYPES = YES;
				CLANG_WARN_SUSPICIOUS_MOVE = YES;
				CLANG_WARN_UNGUARDED_AVAILABILITY = YES_AGGRESSIVE;
				CLANG_WARN_UNREACHABLE_CODE = YES;
				CLANG_WARN__DUPLICATE_METHOD_MATCH = YES;
				COPY_PHASE_STRIP = NO;
				DEBUG_INFORMATION_FORMAT = dwarf;
				ENABLE_STRICT_OBJC_MSGSEND = YES;
				ENABLE_TESTABILITY = YES;
				ENABLE_USER_SCRIPT_SANDBOXING = YES;
				GCC_C_LANGUAGE_STANDARD = gnu17;
				GCC_DYNAMIC_NO_PIC = NO;
				GCC_NO_COMMON_BLOCKS = YES;
				GCC_OPTIMIZATION_LEVEL = 0;
				GCC_PREPROCESSOR_DEFINITIONS = (
					"DEBUG=1",
					"$(inherited)",
				);
				GCC_WARN_64_TO_32_BIT_CONVERSION = YES;
				GCC_WARN_ABOUT_RETURN_TYPE = YES_ERROR;
				GCC_WARN_UNDECLARED_SELECTOR = YES;
				GCC_WARN_UNINITIALIZED_AUTOS = YES_AGGRESSIVE;
				GCC_WARN_UNUSED_FUNCTION = YES;
				GCC_WARN_UNUSED_VARIABLE = YES;
				IPHONEOS_DEPLOYMENT_TARGET = 18.5;
				LOCALIZATION_PREFERS_STRING_CATALOGS = YES;
				MTL_ENABLE_DEBUG_INFO = INCLUDE_SOURCE;
				MTL_FAST_MATH = YES;
				ONLY_ACTIVE_ARCH = YES;
				SDKROOT = iphoneos;
				SWIFT_ACTIVE_COMPILATION_CONDITIONS = "DEBUG $(inherited)";
				SWIFT_OPTIMIZATION_LEVEL = "-Onone";
			};
			name = Debug;
		};
		2237604F2E4847F10096115B /* Release */ = {
			isa = XCBuildConfiguration;
			buildSettings = {
				ALWAYS_SEARCH_USER_PATHS = NO;
				ASSETCATALOG_COMPILER_GENERATE_SWIFT_ASSET_SYMBOL_EXTENSIONS = YES;
				CLANG_ANALYZER_NONNULL = YES;
				CLANG_ANALYZER_NUMBER_OBJECT_CONVERSION = YES_AGGRESSIVE;
				CLANG_CXX_LANGUAGE_STANDARD = "gnu++20";
				CLANG_ENABLE_MODULES = YES;
				CLANG_ENABLE_OBJC_ARC = YES;
				CLANG_ENABLE_OBJC_WEAK = YES;
				CLANG_WARN_BLOCK_CAPTURE_AUTORELEASING = YES;
				CLANG_WARN_BOOL_CONVERSION = YES;
				CLANG_WARN_COMMA = YES;
				CLANG_WARN_CONSTANT_CONVERSION = YES;
				CLANG_WARN_DEPRECATED_OBJC_IMPLEMENTATIONS = YES;
				CLANG_WARN_DIRECT_OBJC_ISA_USAGE = YES_ERROR;
				CLANG_WARN_DOCUMENTATION_COMMENTS = YES;
				CLANG_WARN_EMPTY_BODY = YES;
				CLANG_WARN_ENUM_CONVERSION = YES;
				CLANG_WARN_INFINITE_RECURSION = YES;
				CLANG_WARN_INT_CONVERSION = YES;
				CLANG_WARN_NON_LITERAL_NULL_CONVERSION = YES;
				CLANG_WARN_OBJC_IMPLICIT_RETAIN_SELF = YES;
				CLANG_WARN_OBJC_LITERAL_CONVERSION = YES;
				CLANG_WARN_OBJC_ROOT_CLASS = YES_ERROR;
				CLANG_WARN_QUOTED_INCLUDE_IN_FRAMEWORK_HEADER = YES;
				CLANG_WARN_RANGE_LOOP_ANALYSIS = YES;
				CLANG_WARN_STRICT_PROTOTYPES = YES;
				CLANG_WARN_SUSPICIOUS_MOVE = YES;
				CLANG_WARN_UNGUARDED_AVAILABILITY = YES_AGGRESSIVE;
				CLANG_WARN_UNREACHABLE_CODE = YES;
				CLANG_WARN__DUPLICATE_METHOD_MATCH = YES;
				COPY_PHASE_STRIP = NO;
				DEBUG_INFORMATION_FORMAT = "dwarf-with-dsym";
				ENABLE_NS_ASSERTIONS = NO;
				ENABLE_STRICT_OBJC_MSGSEND = YES;
				ENABLE_USER_SCRIPT_SANDBOXING = YES;
				GCC_C_LANGUAGE_STANDARD = gnu17;
				GCC_NO_COMMON_BLOCKS = YES;
				GCC_WARN_64_TO_32_BIT_CONVERSION = YES;
				GCC_WARN_ABOUT_RETURN_TYPE = YES_ERROR;
				GCC_WARN_UNDECLARED_SELECTOR = YES;
				GCC_WARN_UNINITIALIZED_AUTOS = YES_AGGRESSIVE;
				GCC_WARN_UNUSED_FUNCTION = YES;
				GCC_WARN_UNUSED_VARIABLE = YES;
				IPHONEOS_DEPLOYMENT_TARGET = 18.5;
				LOCALIZATION_PREFERS_STRING_CATALOGS = YES;
				MTL_ENABLE_DEBUG_INFO = NO;
				MTL_FAST_MATH = YES;
				SDKROOT = iphoneos;
				SWIFT_COMPILATION_MODE = wholemodule;
				VALIDATE_PRODUCT = YES;
			};
			name = Release;
		};
		223760512E4847F10096115B /* Debug */ = {
			isa = XCBuildConfiguration;
			buildSettings = {
				ASSETCATALOG_COMPILER_APPICON_NAME = AppIcon;
				ASSETCATALOG_COMPILER_GLOBAL_ACCENT_COLOR_NAME = AccentColor;
				CODE_SIGN_STYLE = Automatic;
				CURRENT_PROJECT_VERSION = 1;
				ENABLE_PREVIEWS = YES;
				GENERATE_INFOPLIST_FILE = YES;
				INFOPLIST_KEY_UIApplicationSceneManifest_Generation = YES;
				INFOPLIST_KEY_UIApplicationSupportsIndirectInputEvents = YES;
				INFOPLIST_KEY_UILaunchScreen_Generation = YES;
				INFOPLIST_KEY_UISupportedInterfaceOrientations_iPad = "UIInterfaceOrientationPortrait UIInterfaceOrientationPortraitUpsideDown UIInterfaceOrientationLandscapeLeft UIInterfaceOrientationLandscapeRight";
				INFOPLIST_KEY_UISupportedInterfaceOrientations_iPhone = "UIInterfaceOrientationPortrait UIInterfaceOrientationLandscapeLeft UIInterfaceOrientationLandscapeRight";
				LD_RUNPATH_SEARCH_PATHS = (
					"$(inherited)",
					"@executable_path/Frameworks",
				);
				MARKETING_VERSION = 1.0;
				PRODUCT_BUNDLE_IDENTIFIER = "mauricioacosta.first-ios-ai-app";
				PRODUCT_NAME = "$(TARGET_NAME)";
				SWIFT_EMIT_LOC_STRINGS = YES;
				SWIFT_VERSION = 5.0;
				TARGETED_DEVICE_FAMILY = "1,2";
			};
			name = Debug;
		};
		223760522E4847F10096115B /* Release */ = {
			isa = XCBuildConfiguration;
			buildSettings = {
				ASSETCATALOG_COMPILER_APPICON_NAME = AppIcon;
				ASSETCATALOG_COMPILER_GLOBAL_ACCENT_COLOR_NAME = AccentColor;
				CODE_SIGN_STYLE = Automatic;
				CURRENT_PROJECT_VERSION = 1;
				ENABLE_PREVIEWS = YES;
				GENERATE_INFOPLIST_FILE = YES;
				INFOPLIST_KEY_UIApplicationSceneManifest_Generation = YES;
				INFOPLIST_KEY_UIApplicationSupportsIndirectInputEvents = YES;
				INFOPLIST_KEY_UILaunchScreen_Generation = YES;
				INFOPLIST_KEY_UISupportedInterfaceOrientations_iPad = "UIInterfaceOrientationPortrait UIInterfaceOrientationPortraitUpsideDown UIInterfaceOrientationLandscapeLeft UIInterfaceOrientationLandscapeRight";
				INFOPLIST_KEY_UISupportedInterfaceOrientations_iPhone = "UIInterfaceOrientationPortrait UIInterfaceOrientationLandscapeLeft UIInterfaceOrientationLandscapeRight";
				LD_RUNPATH_SEARCH_PATHS = (
					"$(inherited)",
					"@executable_path/Frameworks",
				);
				MARKETING_VERSION = 1.0;
				PRODUCT_BUNDLE_IDENTIFIER = "mauricioacosta.first-ios-ai-app";
				PRODUCT_NAME = "$(TARGET_NAME)";
				SWIFT_EMIT_LOC_STRINGS = YES;
				SWIFT_VERSION = 5.0;
				TARGETED_DEVICE_FAMILY = "1,2";
			};
			name = Release;
		};
		223760542E4847F10096115B /* Debug */ = {
			isa = XCBuildConfiguration;
			buildSettings = {
				BUNDLE_LOADER = "$(TEST_HOST)";
				CODE_SIGN_STYLE = Automatic;
				CURRENT_PROJECT_VERSION = 1;
				GENERATE_INFOPLIST_FILE = YES;
				IPHONEOS_DEPLOYMENT_TARGET = 18.5;
				MARKETING_VERSION = 1.0;
				PRODUCT_BUNDLE_IDENTIFIER = "mauricioacosta.first-ios-ai-appTests";
				PRODUCT_NAME = "$(TARGET_NAME)";
				SWIFT_EMIT_LOC_STRINGS = NO;
				SWIFT_VERSION = 5.0;
				TARGETED_DEVICE_FAMILY = "1,2";
				TEST_HOST = "$(BUILT_PRODUCTS_DIR)/first-ios-ai-app.app/$(BUNDLE_EXECUTABLE_FOLDER_PATH)/first-ios-ai-app";
			};
			name = Debug;
		};
		223760552E4847F10096115B /* Release */ = {
			isa = XCBuildConfiguration;
			buildSettings = {
				BUNDLE_LOADER = "$(TEST_HOST)";
				CODE_SIGN_STYLE = Automatic;
				CURRENT_PROJECT_VERSION = 1;
				GENERATE_INFOPLIST_FILE = YES;
				IPHONEOS_DEPLOYMENT_TARGET = 18.5;
				MARKETING_VERSION = 1.0;
				PRODUCT_BUNDLE_IDENTIFIER = "mauricioacosta.first-ios-ai-appTests";
				PRODUCT_NAME = "$(TARGET_NAME)";
				SWIFT_EMIT_LOC_STRINGS = NO;
				SWIFT_VERSION = 5.0;
				TARGETED_DEVICE_FAMILY = "1,2";
				TEST_HOST = "$(BUILT_PRODUCTS_DIR)/first-ios-ai-app.app/$(BUNDLE_EXECUTABLE_FOLDER_PATH)/first-ios-ai-app";
			};
			name = Release;
		};
		223760572E4847F10096115B /* Debug */ = {
			isa = XCBuildConfiguration;
			buildSettings = {
				CODE_SIGN_STYLE = Automatic;
				CURRENT_PROJECT_VERSION = 1;
				GENERATE_INFOPLIST_FILE = YES;
				MARKETING_VERSION = 1.0;
				PRODUCT_BUNDLE_IDENTIFIER = "mauricioacosta.first-ios-ai-appUITests";
				PRODUCT_NAME = "$(TARGET_NAME)";
				SWIFT_EMIT_LOC_STRINGS = NO;
				SWIFT_VERSION = 5.0;
				TARGETED_DEVICE_FAMILY = "1,2";
				TEST_TARGET_NAME = "first-ios-ai-app";
			};
			name = Debug;
		};
		223760582E4847F10096115B /* Release */ = {
			isa = XCBuildConfiguration;
			buildSettings = {
				CODE_SIGN_STYLE = Automatic;
				CURRENT_PROJECT_VERSION = 1;
				GENERATE_INFOPLIST_FILE = YES;
				MARKETING_VERSION = 1.0;
				PRODUCT_BUNDLE_IDENTIFIER = "mauricioacosta.first-ios-ai-appUITests";
				PRODUCT_NAME = "$(TARGET_NAME)";
				SWIFT_EMIT_LOC_STRINGS = NO;
				SWIFT_VERSION = 5.0;
				TARGETED_DEVICE_FAMILY = "1,2";
				TEST_TARGET_NAME = "first-ios-ai-app";
			};
			name = Release;
		};
/* End XCBuildConfiguration section */

/* Begin XCConfigurationList section */
		2237602A2E4847F00096115B /* Build configuration list for PBXProject "first-ios-ai-app" */ = {
			isa = XCConfigurationList;
			buildConfigurations = (
				2237604E2E4847F10096115B /* Debug */,
				2237604F2E4847F10096115B /* Release */,
			);
			defaultConfigurationIsVisible = 0;
			defaultConfigurationName = Release;
		};
		223760502E4847F10096115B /* Build configuration list for PBXNativeTarget "first-ios-ai-app" */ = {
			isa = XCConfigurationList;
			buildConfigurations = (
				223760512E4847F10096115B /* Debug */,
				223760522E4847F10096115B /* Release */,
			);
			defaultConfigurationIsVisible = 0;
			defaultConfigurationName = Release;
		};
		223760532E4847F10096115B /* Build configuration list for PBXNativeTarget "first-ios-ai-appTests" */ = {
			isa = XCConfigurationList;
			buildConfigurations = (
				223760542E4847F10096115B /* Debug */,
				223760552E4847F10096115B /* Release */,
			);
			defaultConfigurationIsVisible = 0;
			defaultConfigurationName = Release;
		};
		223760562E4847F10096115B /* Build configuration list for PBXNativeTarget "first-ios-ai-appUITests" */ = {
			isa = XCConfigurationList;
			buildConfigurations = (
				223760572E4847F10096115B /* Debug */,
				223760582E4847F10096115B /* Release */,
			);
			defaultConfigurationIsVisible = 0;
			defaultConfigurationName = Release;
		};
/* End XCConfigurationList section */
	};
	rootObject = 223760272E4847F00096115B /* Project object */;
}
